// !$*UTF8*$!
{
	archiveVersion = 1;
	classes = {
	};
	objectVersion = 56;
	objects = {

/* Begin PBXBuildFile section */
		03753B9E29E3EC9500B4F2A2 /* SignInViewController.swift in Sources */ = {isa = PBXBuildFile; fileRef = 03753B9D29E3EC9500B4F2A2 /* SignInViewController.swift */; };
		03753BA129E3F2E100B4F2A2 /* UITextField +.swift in Sources */ = {isa = PBXBuildFile; fileRef = 03753BA029E3F2E100B4F2A2 /* UITextField +.swift */; };
		03753BA329E3F2FA00B4F2A2 /* UIButton +.swift in Sources */ = {isa = PBXBuildFile; fileRef = 03753BA229E3F2FA00B4F2A2 /* UIButton +.swift */; };
		03753BA629E3F36400B4F2A2 /* CheckButton.swift in Sources */ = {isa = PBXBuildFile; fileRef = 03753BA529E3F36400B4F2A2 /* CheckButton.swift */; };
		03753BAF29E403FA00B4F2A2 /* Pretendard-SemiBold.otf in Resources */ = {isa = PBXBuildFile; fileRef = 03753BAB29E403FA00B4F2A2 /* Pretendard-SemiBold.otf */; };
		03753BB029E403FA00B4F2A2 /* Pretendard-Regular.otf in Resources */ = {isa = PBXBuildFile; fileRef = 03753BAC29E403FA00B4F2A2 /* Pretendard-Regular.otf */; };
		03753BB129E403FA00B4F2A2 /* Pretendard-Medium.otf in Resources */ = {isa = PBXBuildFile; fileRef = 03753BAD29E403FA00B4F2A2 /* Pretendard-Medium.otf */; };
		03753BB229E403FA00B4F2A2 /* Pretendard-Bold.otf in Resources */ = {isa = PBXBuildFile; fileRef = 03753BAE29E403FA00B4F2A2 /* Pretendard-Bold.otf */; };
		03753BB529E4051B00B4F2A2 /* Inject in Frameworks */ = {isa = PBXBuildFile; productRef = 03753BB429E4051B00B4F2A2 /* Inject */; };
		03CD4E4729DAFE76002BF3E0 /* AppDelegate.swift in Sources */ = {isa = PBXBuildFile; fileRef = 03CD4E4629DAFE76002BF3E0 /* AppDelegate.swift */; };
		03CD4E4929DAFE76002BF3E0 /* SceneDelegate.swift in Sources */ = {isa = PBXBuildFile; fileRef = 03CD4E4829DAFE76002BF3E0 /* SceneDelegate.swift */; };
		03CD4E4E29DAFE76002BF3E0 /* Main.storyboard in Resources */ = {isa = PBXBuildFile; fileRef = 03CD4E4C29DAFE76002BF3E0 /* Main.storyboard */; };
		03CD4E5029DAFE76002BF3E0 /* Assets.xcassets in Resources */ = {isa = PBXBuildFile; fileRef = 03CD4E4F29DAFE76002BF3E0 /* Assets.xcassets */; };
		03CD4E5329DAFE76002BF3E0 /* LaunchScreen.storyboard in Resources */ = {isa = PBXBuildFile; fileRef = 03CD4E5129DAFE76002BF3E0 /* LaunchScreen.storyboard */; };
		03CD4E6129DB047A002BF3E0 /* SnapKit in Frameworks */ = {isa = PBXBuildFile; productRef = 03CD4E6029DB047A002BF3E0 /* SnapKit */; };
		03CD4E6429DB0485002BF3E0 /* Then in Frameworks */ = {isa = PBXBuildFile; productRef = 03CD4E6329DB0485002BF3E0 /* Then */; };
		03CD4E6629DB04B3002BF3E0 /* FirstViewController.swift in Sources */ = {isa = PBXBuildFile; fileRef = 03CD4E6529DB04B3002BF3E0 /* FirstViewController.swift */; };
		03CD4E6A29DB06AD002BF3E0 /* UIView +.swift in Sources */ = {isa = PBXBuildFile; fileRef = 03CD4E6929DB06AD002BF3E0 /* UIView +.swift */; };
		03CD4E6C29DB0F07002BF3E0 /* SecondViewController.swift in Sources */ = {isa = PBXBuildFile; fileRef = 03CD4E6B29DB0F07002BF3E0 /* SecondViewController.swift */; };
		03CD4E8929E294DF002BF3E0 /* Image.xcassets in Resources */ = {isa = PBXBuildFile; fileRef = 03CD4E8829E294DF002BF3E0 /* Image.xcassets */; };
		03CD4E8B29E294E8002BF3E0 /* Color.xcassets in Resources */ = {isa = PBXBuildFile; fileRef = 03CD4E8A29E294E8002BF3E0 /* Color.xcassets */; };
		03CD4E8E29E2950A002BF3E0 /* Image.swift in Sources */ = {isa = PBXBuildFile; fileRef = 03CD4E8D29E2950A002BF3E0 /* Image.swift */; };
		03CD4E9029E29511002BF3E0 /* Color.swift in Sources */ = {isa = PBXBuildFile; fileRef = 03CD4E8F29E29511002BF3E0 /* Color.swift */; };
		03CD4E9A29E29BAF002BF3E0 /* UIFont +.swift in Sources */ = {isa = PBXBuildFile; fileRef = 03CD4E9929E29BAF002BF3E0 /* UIFont +.swift */; };
/* End PBXBuildFile section */

/* Begin PBXFileReference section */
		03753B9D29E3EC9500B4F2A2 /* SignInViewController.swift */ = {isa = PBXFileReference; lastKnownFileType = sourcecode.swift; path = SignInViewController.swift; sourceTree = "<group>"; };
		03753BA029E3F2E100B4F2A2 /* UITextField +.swift */ = {isa = PBXFileReference; lastKnownFileType = sourcecode.swift; path = "UITextField +.swift"; sourceTree = "<group>"; };
		03753BA229E3F2FA00B4F2A2 /* UIButton +.swift */ = {isa = PBXFileReference; lastKnownFileType = sourcecode.swift; path = "UIButton +.swift"; sourceTree = "<group>"; };
		03753BA529E3F36400B4F2A2 /* CheckButton.swift */ = {isa = PBXFileReference; lastKnownFileType = sourcecode.swift; path = CheckButton.swift; sourceTree = "<group>"; };
		03753BAB29E403FA00B4F2A2 /* Pretendard-SemiBold.otf */ = {isa = PBXFileReference; lastKnownFileType = file; path = "Pretendard-SemiBold.otf"; sourceTree = "<group>"; };
		03753BAC29E403FA00B4F2A2 /* Pretendard-Regular.otf */ = {isa = PBXFileReference; lastKnownFileType = file; path = "Pretendard-Regular.otf"; sourceTree = "<group>"; };
		03753BAD29E403FA00B4F2A2 /* Pretendard-Medium.otf */ = {isa = PBXFileReference; lastKnownFileType = file; path = "Pretendard-Medium.otf"; sourceTree = "<group>"; };
		03753BAE29E403FA00B4F2A2 /* Pretendard-Bold.otf */ = {isa = PBXFileReference; lastKnownFileType = file; path = "Pretendard-Bold.otf"; sourceTree = "<group>"; };
		03CD4E4329DAFE76002BF3E0 /* GO-SOPT-iOS.app */ = {isa = PBXFileReference; explicitFileType = wrapper.application; includeInIndex = 0; path = "GO-SOPT-iOS.app"; sourceTree = BUILT_PRODUCTS_DIR; };
		03CD4E4629DAFE76002BF3E0 /* AppDelegate.swift */ = {isa = PBXFileReference; lastKnownFileType = sourcecode.swift; path = AppDelegate.swift; sourceTree = "<group>"; };
		03CD4E4829DAFE76002BF3E0 /* SceneDelegate.swift */ = {isa = PBXFileReference; lastKnownFileType = sourcecode.swift; path = SceneDelegate.swift; sourceTree = "<group>"; };
		03CD4E4D29DAFE76002BF3E0 /* Base */ = {isa = PBXFileReference; lastKnownFileType = file.storyboard; name = Base; path = Base.lproj/Main.storyboard; sourceTree = "<group>"; };
		03CD4E4F29DAFE76002BF3E0 /* Assets.xcassets */ = {isa = PBXFileReference; lastKnownFileType = folder.assetcatalog; path = Assets.xcassets; sourceTree = "<group>"; };
		03CD4E5229DAFE76002BF3E0 /* Base */ = {isa = PBXFileReference; lastKnownFileType = file.storyboard; name = Base; path = Base.lproj/LaunchScreen.storyboard; sourceTree = "<group>"; };
		03CD4E5429DAFE76002BF3E0 /* Info.plist */ = {isa = PBXFileReference; lastKnownFileType = text.plist.xml; path = Info.plist; sourceTree = "<group>"; };
		03CD4E6529DB04B3002BF3E0 /* FirstViewController.swift */ = {isa = PBXFileReference; lastKnownFileType = sourcecode.swift; path = FirstViewController.swift; sourceTree = "<group>"; };
		03CD4E6929DB06AD002BF3E0 /* UIView +.swift */ = {isa = PBXFileReference; lastKnownFileType = sourcecode.swift; path = "UIView +.swift"; sourceTree = "<group>"; };
		03CD4E6B29DB0F07002BF3E0 /* SecondViewController.swift */ = {isa = PBXFileReference; lastKnownFileType = sourcecode.swift; path = SecondViewController.swift; sourceTree = "<group>"; };
		03CD4E8829E294DF002BF3E0 /* Image.xcassets */ = {isa = PBXFileReference; lastKnownFileType = folder.assetcatalog; path = Image.xcassets; sourceTree = "<group>"; };
		03CD4E8A29E294E8002BF3E0 /* Color.xcassets */ = {isa = PBXFileReference; lastKnownFileType = folder.assetcatalog; path = Color.xcassets; sourceTree = "<group>"; };
		03CD4E8D29E2950A002BF3E0 /* Image.swift */ = {isa = PBXFileReference; lastKnownFileType = sourcecode.swift; path = Image.swift; sourceTree = "<group>"; };
		03CD4E8F29E29511002BF3E0 /* Color.swift */ = {isa = PBXFileReference; lastKnownFileType = sourcecode.swift; path = Color.swift; sourceTree = "<group>"; };
		03CD4E9929E29BAF002BF3E0 /* UIFont +.swift */ = {isa = PBXFileReference; lastKnownFileType = sourcecode.swift; path = "UIFont +.swift"; sourceTree = "<group>"; usesTabs = 0; };
/* End PBXFileReference section */

/* Begin PBXFrameworksBuildPhase section */
		03CD4E4029DAFE76002BF3E0 /* Frameworks */ = {
			isa = PBXFrameworksBuildPhase;
			buildActionMask = 2147483647;
			files = (
				03CD4E6129DB047A002BF3E0 /* SnapKit in Frameworks */,
				03CD4E6429DB0485002BF3E0 /* Then in Frameworks */,
				03753BB529E4051B00B4F2A2 /* Inject in Frameworks */,
			);
			runOnlyForDeploymentPostprocessing = 0;
		};
/* End PBXFrameworksBuildPhase section */

/* Begin PBXGroup section */
		03753B9F29E3EDD700B4F2A2 /* SignIn */ = {
			isa = PBXGroup;
			children = (
				03753B9D29E3EC9500B4F2A2 /* SignInViewController.swift */,
			);
			path = SignIn;
			sourceTree = "<group>";
		};
		03753BA429E3F34D00B4F2A2 /* CustomClass */ = {
			isa = PBXGroup;
			children = (
				03753BA529E3F36400B4F2A2 /* CheckButton.swift */,
			);
			path = CustomClass;
			sourceTree = "<group>";
		};
		03CD4E3A29DAFE76002BF3E0 = {
			isa = PBXGroup;
			children = (
				03CD4E4529DAFE76002BF3E0 /* GO-SOPT-iOS */,
				03CD4E4429DAFE76002BF3E0 /* Products */,
			);
			sourceTree = "<group>";
		};
		03CD4E4429DAFE76002BF3E0 /* Products */ = {
			isa = PBXGroup;
			children = (
				03CD4E4329DAFE76002BF3E0 /* GO-SOPT-iOS.app */,
			);
			name = Products;
			sourceTree = "<group>";
		};
		03CD4E4529DAFE76002BF3E0 /* GO-SOPT-iOS */ = {
			isa = PBXGroup;
			children = (
				03CD4E5A29DB01D5002BF3E0 /* Application */,
				03CD4E5B29DB0309002BF3E0 /* Presentation */,
				03CD4E5D29DB0386002BF3E0 /* Resource */,
				03CD4E6729DB0685002BF3E0 /* Util */,
				03CD4E5C29DB0317002BF3E0 /* 1st_Seminar */,
				03CD4E4C29DAFE76002BF3E0 /* Main.storyboard */,
				03CD4E5429DAFE76002BF3E0 /* Info.plist */,
			);
			path = "GO-SOPT-iOS";
			sourceTree = "<group>";
		};
		03CD4E5A29DB01D5002BF3E0 /* Application */ = {
			isa = PBXGroup;
			children = (
				03CD4E4629DAFE76002BF3E0 /* AppDelegate.swift */,
				03CD4E4829DAFE76002BF3E0 /* SceneDelegate.swift */,
			);
			path = Application;
			sourceTree = "<group>";
		};
		03CD4E5B29DB0309002BF3E0 /* Presentation */ = {
			isa = PBXGroup;
			children = (
				03CD4E9129E29712002BF3E0 /* Authentication */,
			);
			path = Presentation;
			sourceTree = "<group>";
		};
		03CD4E5C29DB0317002BF3E0 /* 1st_Seminar */ = {
			isa = PBXGroup;
			children = (
				03CD4E6529DB04B3002BF3E0 /* FirstViewController.swift */,
				03CD4E6B29DB0F07002BF3E0 /* SecondViewController.swift */,
			);
			path = 1st_Seminar;
			sourceTree = "<group>";
		};
		03CD4E5D29DB0386002BF3E0 /* Resource */ = {
			isa = PBXGroup;
			children = (
				03CD4E9229E29A32002BF3E0 /* Font */,
				03CD4E5E29DB039E002BF3E0 /* AssetCatalog */,
				03CD4E5129DAFE76002BF3E0 /* LaunchScreen.storyboard */,
			);
			path = Resource;
			sourceTree = "<group>";
		};
		03CD4E5E29DB039E002BF3E0 /* AssetCatalog */ = {
			isa = PBXGroup;
			children = (
				03CD4E4F29DAFE76002BF3E0 /* Assets.xcassets */,
				03CD4E8829E294DF002BF3E0 /* Image.xcassets */,
				03CD4E8A29E294E8002BF3E0 /* Color.xcassets */,
			);
			path = AssetCatalog;
			sourceTree = "<group>";
		};
		03CD4E6729DB0685002BF3E0 /* Util */ = {
			isa = PBXGroup;
			children = (
				03753BA429E3F34D00B4F2A2 /* CustomClass */,
				03CD4E6829DB068B002BF3E0 /* Extension */,
				03CD4E8C29E294F2002BF3E0 /* NameSpace */,
			);
			path = Util;
			sourceTree = "<group>";
		};
		03CD4E6829DB068B002BF3E0 /* Extension */ = {
			isa = PBXGroup;
			children = (
				03CD4E6929DB06AD002BF3E0 /* UIView +.swift */,
				03CD4E9929E29BAF002BF3E0 /* UIFont +.swift */,
				03753BA029E3F2E100B4F2A2 /* UITextField +.swift */,
				03753BA229E3F2FA00B4F2A2 /* UIButton +.swift */,
			);
			path = Extension;
			sourceTree = "<group>";
		};
		03CD4E8C29E294F2002BF3E0 /* NameSpace */ = {
			isa = PBXGroup;
			children = (
				03CD4E8D29E2950A002BF3E0 /* Image.swift */,
				03CD4E8F29E29511002BF3E0 /* Color.swift */,
			);
			path = NameSpace;
			sourceTree = "<group>";
		};
		03CD4E9129E29712002BF3E0 /* Authentication */ = {
			isa = PBXGroup;
			children = (
				03753B9F29E3EDD700B4F2A2 /* SignIn */,
			);
			path = Authentication;
			sourceTree = "<group>";
		};
		03CD4E9229E29A32002BF3E0 /* Font */ = {
			isa = PBXGroup;
			children = (
				03CD4E9329E29A3B002BF3E0 /* Pretendard */,
			);
			path = Font;
			sourceTree = "<group>";
		};
		03CD4E9329E29A3B002BF3E0 /* Pretendard */ = {
			isa = PBXGroup;
			children = (
				03753BAE29E403FA00B4F2A2 /* Pretendard-Bold.otf */,
				03753BAD29E403FA00B4F2A2 /* Pretendard-Medium.otf */,
				03753BAC29E403FA00B4F2A2 /* Pretendard-Regular.otf */,
				03753BAB29E403FA00B4F2A2 /* Pretendard-SemiBold.otf */,
			);
			path = Pretendard;
			sourceTree = "<group>";
		};
/* End PBXGroup section */

/* Begin PBXNativeTarget section */
		03CD4E4229DAFE76002BF3E0 /* GO-SOPT-iOS */ = {
			isa = PBXNativeTarget;
			buildConfigurationList = 03CD4E5729DAFE76002BF3E0 /* Build configuration list for PBXNativeTarget "GO-SOPT-iOS" */;
			buildPhases = (
				03CD4E3F29DAFE76002BF3E0 /* Sources */,
				03CD4E4029DAFE76002BF3E0 /* Frameworks */,
				03CD4E4129DAFE76002BF3E0 /* Resources */,
			);
			buildRules = (
			);
			dependencies = (
			);
			name = "GO-SOPT-iOS";
			packageProductDependencies = (
				03CD4E6029DB047A002BF3E0 /* SnapKit */,
				03CD4E6329DB0485002BF3E0 /* Then */,
				03753BB429E4051B00B4F2A2 /* Inject */,
			);
			productName = "GO-SOPT-iOS";
			productReference = 03CD4E4329DAFE76002BF3E0 /* GO-SOPT-iOS.app */;
			productType = "com.apple.product-type.application";
		};
/* End PBXNativeTarget section */

/* Begin PBXProject section */
		03CD4E3B29DAFE76002BF3E0 /* Project object */ = {
			isa = PBXProject;
			attributes = {
				BuildIndependentTargetsInParallel = 1;
				LastSwiftUpdateCheck = 1430;
				LastUpgradeCheck = 1430;
				TargetAttributes = {
					03CD4E4229DAFE76002BF3E0 = {
						CreatedOnToolsVersion = 14.3;
					};
				};
			};
			buildConfigurationList = 03CD4E3E29DAFE76002BF3E0 /* Build configuration list for PBXProject "GO-SOPT-iOS" */;
			compatibilityVersion = "Xcode 14.0";
			developmentRegion = en;
			hasScannedForEncodings = 0;
			knownRegions = (
				en,
				Base,
			);
			mainGroup = 03CD4E3A29DAFE76002BF3E0;
			packageReferences = (
				03CD4E5F29DB047A002BF3E0 /* XCRemoteSwiftPackageReference "SnapKit" */,
				03CD4E6229DB0485002BF3E0 /* XCRemoteSwiftPackageReference "Then" */,
				03753BB329E4051B00B4F2A2 /* XCRemoteSwiftPackageReference "Inject" */,
			);
			productRefGroup = 03CD4E4429DAFE76002BF3E0 /* Products */;
			projectDirPath = "";
			projectRoot = "";
			targets = (
				03CD4E4229DAFE76002BF3E0 /* GO-SOPT-iOS */,
			);
		};
/* End PBXProject section */

/* Begin PBXResourcesBuildPhase section */
		03CD4E4129DAFE76002BF3E0 /* Resources */ = {
			isa = PBXResourcesBuildPhase;
			buildActionMask = 2147483647;
			files = (
				03CD4E5329DAFE76002BF3E0 /* LaunchScreen.storyboard in Resources */,
				03CD4E8929E294DF002BF3E0 /* Image.xcassets in Resources */,
				03CD4E8B29E294E8002BF3E0 /* Color.xcassets in Resources */,
				03753BB129E403FA00B4F2A2 /* Pretendard-Medium.otf in Resources */,
				03753BAF29E403FA00B4F2A2 /* Pretendard-SemiBold.otf in Resources */,
				03753BB029E403FA00B4F2A2 /* Pretendard-Regular.otf in Resources */,
				03CD4E5029DAFE76002BF3E0 /* Assets.xcassets in Resources */,
				03753BB229E403FA00B4F2A2 /* Pretendard-Bold.otf in Resources */,
				03CD4E4E29DAFE76002BF3E0 /* Main.storyboard in Resources */,
			);
			runOnlyForDeploymentPostprocessing = 0;
		};
/* End PBXResourcesBuildPhase section */

/* Begin PBXSourcesBuildPhase section */
		03CD4E3F29DAFE76002BF3E0 /* Sources */ = {
			isa = PBXSourcesBuildPhase;
			buildActionMask = 2147483647;
			files = (
				03CD4E4729DAFE76002BF3E0 /* AppDelegate.swift in Sources */,
				03CD4E8E29E2950A002BF3E0 /* Image.swift in Sources */,
				03CD4E9029E29511002BF3E0 /* Color.swift in Sources */,
				03CD4E6A29DB06AD002BF3E0 /* UIView +.swift in Sources */,
				03CD4E9A29E29BAF002BF3E0 /* UIFont +.swift in Sources */,
				03753B9E29E3EC9500B4F2A2 /* SignInViewController.swift in Sources */,
				03CD4E4929DAFE76002BF3E0 /* SceneDelegate.swift in Sources */,
				03CD4E6C29DB0F07002BF3E0 /* SecondViewController.swift in Sources */,
				03753BA329E3F2FA00B4F2A2 /* UIButton +.swift in Sources */,
				03753BA129E3F2E100B4F2A2 /* UITextField +.swift in Sources */,
				03753BA629E3F36400B4F2A2 /* CheckButton.swift in Sources */,
				03CD4E6629DB04B3002BF3E0 /* FirstViewController.swift in Sources */,
			);
			runOnlyForDeploymentPostprocessing = 0;
		};
/* End PBXSourcesBuildPhase section */

/* Begin PBXVariantGroup section */
		03CD4E4C29DAFE76002BF3E0 /* Main.storyboard */ = {
			isa = PBXVariantGroup;
			children = (
				03CD4E4D29DAFE76002BF3E0 /* Base */,
			);
			name = Main.storyboard;
			sourceTree = "<group>";
		};
		03CD4E5129DAFE76002BF3E0 /* LaunchScreen.storyboard */ = {
			isa = PBXVariantGroup;
			children = (
				03CD4E5229DAFE76002BF3E0 /* Base */,
			);
			name = LaunchScreen.storyboard;
			sourceTree = "<group>";
		};
/* End PBXVariantGroup section */

/* Begin XCBuildConfiguration section */
		03CD4E5529DAFE76002BF3E0 /* Debug */ = {
			isa = XCBuildConfiguration;
			buildSettings = {
				ALWAYS_SEARCH_USER_PATHS = NO;
				CLANG_ANALYZER_NONNULL = YES;
				CLANG_ANALYZER_NUMBER_OBJECT_CONVERSION = YES_AGGRESSIVE;
				CLANG_CXX_LANGUAGE_STANDARD = "gnu++20";
				CLANG_ENABLE_MODULES = YES;
				CLANG_ENABLE_OBJC_ARC = YES;
				CLANG_ENABLE_OBJC_WEAK = YES;
				CLANG_WARN_BLOCK_CAPTURE_AUTORELEASING = YES;
				CLANG_WARN_BOOL_CONVERSION = YES;
				CLANG_WARN_COMMA = YES;
				CLANG_WARN_CONSTANT_CONVERSION = YES;
				CLANG_WARN_DEPRECATED_OBJC_IMPLEMENTATIONS = YES;
				CLANG_WARN_DIRECT_OBJC_ISA_USAGE = YES_ERROR;
				CLANG_WARN_DOCUMENTATION_COMMENTS = YES;
				CLANG_WARN_EMPTY_BODY = YES;
				CLANG_WARN_ENUM_CONVERSION = YES;
				CLANG_WARN_INFINITE_RECURSION = YES;
				CLANG_WARN_INT_CONVERSION = YES;
				CLANG_WARN_NON_LITERAL_NULL_CONVERSION = YES;
				CLANG_WARN_OBJC_IMPLICIT_RETAIN_SELF = YES;
				CLANG_WARN_OBJC_LITERAL_CONVERSION = YES;
				CLANG_WARN_OBJC_ROOT_CLASS = YES_ERROR;
				CLANG_WARN_QUOTED_INCLUDE_IN_FRAMEWORK_HEADER = YES;
				CLANG_WARN_RANGE_LOOP_ANALYSIS = YES;
				CLANG_WARN_STRICT_PROTOTYPES = YES;
				CLANG_WARN_SUSPICIOUS_MOVE = YES;
				CLANG_WARN_UNGUARDED_AVAILABILITY = YES_AGGRESSIVE;
				CLANG_WARN_UNREACHABLE_CODE = YES;
				CLANG_WARN__DUPLICATE_METHOD_MATCH = YES;
				COPY_PHASE_STRIP = NO;
				DEBUG_INFORMATION_FORMAT = dwarf;
				ENABLE_STRICT_OBJC_MSGSEND = YES;
				ENABLE_TESTABILITY = YES;
				GCC_C_LANGUAGE_STANDARD = gnu11;
				GCC_DYNAMIC_NO_PIC = NO;
				GCC_NO_COMMON_BLOCKS = YES;
				GCC_OPTIMIZATION_LEVEL = 0;
				GCC_PREPROCESSOR_DEFINITIONS = (
					"DEBUG=1",
					"$(inherited)",
				);
				GCC_WARN_64_TO_32_BIT_CONVERSION = YES;
				GCC_WARN_ABOUT_RETURN_TYPE = YES_ERROR;
				GCC_WARN_UNDECLARED_SELECTOR = YES;
				GCC_WARN_UNINITIALIZED_AUTOS = YES_AGGRESSIVE;
				GCC_WARN_UNUSED_FUNCTION = YES;
				GCC_WARN_UNUSED_VARIABLE = YES;
				IPHONEOS_DEPLOYMENT_TARGET = 16.4;
				MTL_ENABLE_DEBUG_INFO = INCLUDE_SOURCE;
				MTL_FAST_MATH = YES;
				ONLY_ACTIVE_ARCH = YES;
				SDKROOT = iphoneos;
				SWIFT_ACTIVE_COMPILATION_CONDITIONS = DEBUG;
				SWIFT_OPTIMIZATION_LEVEL = "-Onone";
			};
			name = Debug;
		};
		03CD4E5629DAFE76002BF3E0 /* Release */ = {
			isa = XCBuildConfiguration;
			buildSettings = {
				ALWAYS_SEARCH_USER_PATHS = NO;
				CLANG_ANALYZER_NONNULL = YES;
				CLANG_ANALYZER_NUMBER_OBJECT_CONVERSION = YES_AGGRESSIVE;
				CLANG_CXX_LANGUAGE_STANDARD = "gnu++20";
				CLANG_ENABLE_MODULES = YES;
				CLANG_ENABLE_OBJC_ARC = YES;
				CLANG_ENABLE_OBJC_WEAK = YES;
				CLANG_WARN_BLOCK_CAPTURE_AUTORELEASING = YES;
				CLANG_WARN_BOOL_CONVERSION = YES;
				CLANG_WARN_COMMA = YES;
				CLANG_WARN_CONSTANT_CONVERSION = YES;
				CLANG_WARN_DEPRECATED_OBJC_IMPLEMENTATIONS = YES;
				CLANG_WARN_DIRECT_OBJC_ISA_USAGE = YES_ERROR;
				CLANG_WARN_DOCUMENTATION_COMMENTS = YES;
				CLANG_WARN_EMPTY_BODY = YES;
				CLANG_WARN_ENUM_CONVERSION = YES;
				CLANG_WARN_INFINITE_RECURSION = YES;
				CLANG_WARN_INT_CONVERSION = YES;
				CLANG_WARN_NON_LITERAL_NULL_CONVERSION = YES;
				CLANG_WARN_OBJC_IMPLICIT_RETAIN_SELF = YES;
				CLANG_WARN_OBJC_LITERAL_CONVERSION = YES;
				CLANG_WARN_OBJC_ROOT_CLASS = YES_ERROR;
				CLANG_WARN_QUOTED_INCLUDE_IN_FRAMEWORK_HEADER = YES;
				CLANG_WARN_RANGE_LOOP_ANALYSIS = YES;
				CLANG_WARN_STRICT_PROTOTYPES = YES;
				CLANG_WARN_SUSPICIOUS_MOVE = YES;
				CLANG_WARN_UNGUARDED_AVAILABILITY = YES_AGGRESSIVE;
				CLANG_WARN_UNREACHABLE_CODE = YES;
				CLANG_WARN__DUPLICATE_METHOD_MATCH = YES;
				COPY_PHASE_STRIP = NO;
				DEBUG_INFORMATION_FORMAT = "dwarf-with-dsym";
				ENABLE_NS_ASSERTIONS = NO;
				ENABLE_STRICT_OBJC_MSGSEND = YES;
				GCC_C_LANGUAGE_STANDARD = gnu11;
				GCC_NO_COMMON_BLOCKS = YES;
				GCC_WARN_64_TO_32_BIT_CONVERSION = YES;
				GCC_WARN_ABOUT_RETURN_TYPE = YES_ERROR;
				GCC_WARN_UNDECLARED_SELECTOR = YES;
				GCC_WARN_UNINITIALIZED_AUTOS = YES_AGGRESSIVE;
				GCC_WARN_UNUSED_FUNCTION = YES;
				GCC_WARN_UNUSED_VARIABLE = YES;
				IPHONEOS_DEPLOYMENT_TARGET = 16.4;
				MTL_ENABLE_DEBUG_INFO = NO;
				MTL_FAST_MATH = YES;
				SDKROOT = iphoneos;
				SWIFT_COMPILATION_MODE = wholemodule;
				SWIFT_OPTIMIZATION_LEVEL = "-O";
				VALIDATE_PRODUCT = YES;
			};
			name = Release;
		};
		03CD4E5829DAFE76002BF3E0 /* Debug */ = {
			isa = XCBuildConfiguration;
			buildSettings = {
				ASSETCATALOG_COMPILER_APPICON_NAME = AppIcon;
				ASSETCATALOG_COMPILER_GLOBAL_ACCENT_COLOR_NAME = AccentColor;
				CODE_SIGN_STYLE = Automatic;
				CURRENT_PROJECT_VERSION = 1;
				DEVELOPMENT_TEAM = DGT9BQA4KH;
				GENERATE_INFOPLIST_FILE = YES;
				INFOPLIST_FILE = "GO-SOPT-iOS/Info.plist";
				INFOPLIST_KEY_UIApplicationSupportsIndirectInputEvents = YES;
				INFOPLIST_KEY_UILaunchStoryboardName = LaunchScreen;
				INFOPLIST_KEY_UIMainStoryboardFile = Main;
				INFOPLIST_KEY_UISupportedInterfaceOrientations_iPad = "UIInterfaceOrientationPortrait UIInterfaceOrientationPortraitUpsideDown UIInterfaceOrientationLandscapeLeft UIInterfaceOrientationLandscapeRight";
				INFOPLIST_KEY_UISupportedInterfaceOrientations_iPhone = "UIInterfaceOrientationPortrait UIInterfaceOrientationLandscapeLeft UIInterfaceOrientationLandscapeRight";
				LD_RUNPATH_SEARCH_PATHS = (
					"$(inherited)",
					"@executable_path/Frameworks",
				);
				MARKETING_VERSION = 1.0;
				OTHER_LDFLAGS = (
					"$(inherited)",
					"-framework",
					"\"CFNetwork\"",
					"-framework",
					"\"Foundation\"",
					"-Xlinker-interposable",
				);
				PRODUCT_BUNDLE_IDENTIFIER = "kwonjeong.GO-SOPT-iOS";
				PRODUCT_NAME = "$(TARGET_NAME)";
				SWIFT_EMIT_LOC_STRINGS = YES;
				SWIFT_VERSION = 5.0;
				TARGETED_DEVICE_FAMILY = "1,2";
			};
			name = Debug;
		};
		03CD4E5929DAFE76002BF3E0 /* Release */ = {
			isa = XCBuildConfiguration;
			buildSettings = {
				ASSETCATALOG_COMPILER_APPICON_NAME = AppIcon;
				ASSETCATALOG_COMPILER_GLOBAL_ACCENT_COLOR_NAME = AccentColor;
				CODE_SIGN_STYLE = Automatic;
				CURRENT_PROJECT_VERSION = 1;
				DEVELOPMENT_TEAM = DGT9BQA4KH;
				GENERATE_INFOPLIST_FILE = YES;
				INFOPLIST_FILE = "GO-SOPT-iOS/Info.plist";
				INFOPLIST_KEY_UIApplicationSupportsIndirectInputEvents = YES;
				INFOPLIST_KEY_UILaunchStoryboardName = LaunchScreen;
				INFOPLIST_KEY_UIMainStoryboardFile = Main;
				INFOPLIST_KEY_UISupportedInterfaceOrientations_iPad = "UIInterfaceOrientationPortrait UIInterfaceOrientationPortraitUpsideDown UIInterfaceOrientationLandscapeLeft UIInterfaceOrientationLandscapeRight";
				INFOPLIST_KEY_UISupportedInterfaceOrientations_iPhone = "UIInterfaceOrientationPortrait UIInterfaceOrientationLandscapeLeft UIInterfaceOrientationLandscapeRight";
				LD_RUNPATH_SEARCH_PATHS = (
					"$(inherited)",
					"@executable_path/Frameworks",
				);
				MARKETING_VERSION = 1.0;
				OTHER_LDFLAGS = (
					"$(inherited)",
					"-framework",
					"\"CFNetwork\"",
					"-framework",
					"\"Foundation\"",
					"-Xlinker-interposable",
				);
				PRODUCT_BUNDLE_IDENTIFIER = "kwonjeong.GO-SOPT-iOS";
				PRODUCT_NAME = "$(TARGET_NAME)";
				SWIFT_EMIT_LOC_STRINGS = YES;
				SWIFT_VERSION = 5.0;
				TARGETED_DEVICE_FAMILY = "1,2";
			};
			name = Release;
		};
/* End XCBuildConfiguration section */

/* Begin XCConfigurationList section */
		03CD4E3E29DAFE76002BF3E0 /* Build configuration list for PBXProject "GO-SOPT-iOS" */ = {
			isa = XCConfigurationList;
			buildConfigurations = (
				03CD4E5529DAFE76002BF3E0 /* Debug */,
				03CD4E5629DAFE76002BF3E0 /* Release */,
			);
			defaultConfigurationIsVisible = 0;
			defaultConfigurationName = Release;
		};
		03CD4E5729DAFE76002BF3E0 /* Build configuration list for PBXNativeTarget "GO-SOPT-iOS" */ = {
			isa = XCConfigurationList;
			buildConfigurations = (
				03CD4E5829DAFE76002BF3E0 /* Debug */,
				03CD4E5929DAFE76002BF3E0 /* Release */,
			);
			defaultConfigurationIsVisible = 0;
			defaultConfigurationName = Release;
		};
/* End XCConfigurationList section */

/* Begin XCRemoteSwiftPackageReference section */
		03753BB329E4051B00B4F2A2 /* XCRemoteSwiftPackageReference "Inject" */ = {
			isa = XCRemoteSwiftPackageReference;
			repositoryURL = "https://github.com/krzysztofzablocki/Inject.git";
			requirement = {
				kind = upToNextMajorVersion;
				minimumVersion = 1.0.0;
			};
		};
		03CD4E5F29DB047A002BF3E0 /* XCRemoteSwiftPackageReference "SnapKit" */ = {
			isa = XCRemoteSwiftPackageReference;
			repositoryURL = "https://github.com/SnapKit/SnapKit";
			requirement = {
				kind = upToNextMajorVersion;
				minimumVersion = 5.0.0;
			};
		};
		03CD4E6229DB0485002BF3E0 /* XCRemoteSwiftPackageReference "Then" */ = {
			isa = XCRemoteSwiftPackageReference;
			repositoryURL = "https://github.com/devxoul/Then";
			requirement = {
				kind = upToNextMajorVersion;
				minimumVersion = 3.0.0;
			};
		};
/* End XCRemoteSwiftPackageReference section */

/* Begin XCSwiftPackageProductDependency section */
		03753BB429E4051B00B4F2A2 /* Inject */ = {
			isa = XCSwiftPackageProductDependency;
			package = 03753BB329E4051B00B4F2A2 /* XCRemoteSwiftPackageReference "Inject" */;
			productName = Inject;
		};
		03CD4E6029DB047A002BF3E0 /* SnapKit */ = {
			isa = XCSwiftPackageProductDependency;
			package = 03CD4E5F29DB047A002BF3E0 /* XCRemoteSwiftPackageReference "SnapKit" */;
			productName = SnapKit;
		};
		03CD4E6329DB0485002BF3E0 /* Then */ = {
			isa = XCSwiftPackageProductDependency;
			package = 03CD4E6229DB0485002BF3E0 /* XCRemoteSwiftPackageReference "Then" */;
			productName = Then;
		};
/* End XCSwiftPackageProductDependency section */
	};
	rootObject = 03CD4E3B29DAFE76002BF3E0 /* Project object */;
}
